
Microsoft Visual Studio Solution File, Format Version 12.00
# Visual Studio Version 17
VisualStudioVersion = 17.11.35327.3
MinimumVisualStudioVersion = 10.0.40219.1
Project("{FAE04EC0-301F-11D3-BF4B-00C04F79EFBC}") = "Domaci2.1", "Domaci2.1.csproj", "{652DCA02-E757-49F2-A969-9B203B6B896D}"
EndProject
Global
	GlobalSection(SolutionConfigurationPlatforms) = preSolution
		Debug|Any CPU = Debug|Any CPU
		Release|Any CPU = Release|Any CPU
	EndGlobalSection
	GlobalSection(ProjectConfigurationPlatforms) = postSolution
		{652DCA02-E757-49F2-A969-9B203B6B896D}.Debug|Any CPU.ActiveCfg = Debug|Any CPU
		{652DCA02-E757-49F2-A969-9B203B6B896D}.Debug|Any CPU.Build.0 = Debug|Any CPU
		{652DCA02-E757-49F2-A969-9B203B6B896D}.Release|Any CPU.ActiveCfg = Release|Any CPU
		{652DCA02-E757-49F2-A969-9B203B6B896D}.Release|Any CPU.Build.0 = Release|Any CPU
	EndGlobalSection
	GlobalSection(SolutionProperties) = preSolution
		HideSolutionNode = FALSE
	EndGlobalSection
	GlobalSection(ExtensibilityGlobals) = postSolution
		SolutionGuid = {63C90C86-7C2E-4D90-9DE9-8CFDCB26D62E}
	EndGlobalSection
EndGlobal
